
Microsoft Visual Studio Solution File, Format Version 12.00
# Visual Studio 15
VisualStudioVersion = 15.0.28307.489
MinimumVisualStudioVersion = 10.0.40219.1
Project("{9A19103F-16F7-4668-BE54-9A1E7A4F7556}") = "IDS", "IDS\IDS.csproj", "{6AA54AAE-46AF-40D8-B5B9-54B8A676AEDE}"
EndProject
Project("{9A19103F-16F7-4668-BE54-9A1E7A4F7556}") = "Service", "Service\Service.csproj", "{5FF2BCE5-661A-414B-9472-874362DA23D3}"
EndProject
Project("{FAE04EC0-301F-11D3-BF4B-00C04F79EFBC}") = "API", "API\API.csproj", "{DC058F91-0930-4D97-83E5-907D73144771}"
EndProject
Global
	GlobalSection(SolutionConfigurationPlatforms) = preSolution
		Debug|Any CPU = Debug|Any CPU
		Release|Any CPU = Release|Any CPU
	EndGlobalSection
	GlobalSection(ProjectConfigurationPlatforms) = postSolution
		{6AA54AAE-46AF-40D8-B5B9-54B8A676AEDE}.Debug|Any CPU.ActiveCfg = Debug|Any CPU
		{6AA54AAE-46AF-40D8-B5B9-54B8A676AEDE}.Debug|Any CPU.Build.0 = Debug|Any CPU
		{6AA54AAE-46AF-40D8-B5B9-54B8A676AEDE}.Release|Any CPU.ActiveCfg = Release|Any CPU
		{6AA54AAE-46AF-40D8-B5B9-54B8A676AEDE}.Release|Any CPU.Build.0 = Release|Any CPU
		{5FF2BCE5-661A-414B-9472-874362DA23D3}.Debug|Any CPU.ActiveCfg = Debug|Any CPU
		{5FF2BCE5-661A-414B-9472-874362DA23D3}.Debug|Any CPU.Build.0 = Debug|Any CPU
		{5FF2BCE5-661A-414B-9472-874362DA23D3}.Release|Any CPU.ActiveCfg = Release|Any CPU
		{5FF2BCE5-661A-414B-9472-874362DA23D3}.Release|Any CPU.Build.0 = Release|Any CPU
		{DC058F91-0930-4D97-83E5-907D73144771}.Debug|Any CPU.ActiveCfg = Debug|Any CPU
		{DC058F91-0930-4D97-83E5-907D73144771}.Debug|Any CPU.Build.0 = Debug|Any CPU
		{DC058F91-0930-4D97-83E5-907D73144771}.Release|Any CPU.ActiveCfg = Release|Any CPU
		{DC058F91-0930-4D97-83E5-907D73144771}.Release|Any CPU.Build.0 = Release|Any CPU
	EndGlobalSection
	GlobalSection(SolutionProperties) = preSolution
		HideSolutionNode = FALSE
	EndGlobalSection
	GlobalSection(ExtensibilityGlobals) = postSolution
		SolutionGuid = {62235400-0F4D-4BC0-A4A9-1E16585A3DDB}
	EndGlobalSection
EndGlobal
